
Microsoft Visual Studio Solution File, Format Version 12.00
Project("{FAE04EC0-301F-11D3-BF4B-00C04F79EFBC}") = "ImageRenamer", "ImageRenamer\ImageRenamer.csproj", "{403AA412-D3E7-44F6-B790-0D8FBAC17B84}"
EndProject
Project("{FAE04EC0-301F-11D3-BF4B-00C04F79EFBC}") = "ImageToXlsx", "ImageToXlsx\ImageToXlsx.csproj", "{65E0D3F3-4C1D-44AA-83EE-20FC1480A2DE}"
EndProject
Project("{FAE04EC0-301F-11D3-BF4B-00C04F79EFBC}") = "ErrorFixApp", "ErrorFixApp\ErrorFixApp.csproj", "{64DF8A77-DE67-40B5-8096-1F98CCFD9B38}"
EndProject
Project("{FAE04EC0-301F-11D3-BF4B-00C04F79EFBC}") = "PhotoEditor", "PhotoEditor\PhotoEditor\PhotoEditor.csproj", "{43313FC3-8F0E-4472-8E68-9106B1A68203}"
EndProject
Project("{FAE04EC0-301F-11D3-BF4B-00C04F79EFBC}") = "UIElements", "PhotoEditor\UIElements\UIElements.csproj", "{0E88C4C4-5956-4402-97F5-6CF5BEC6FFF0}"
EndProject
Global
	GlobalSection(SolutionConfigurationPlatforms) = preSolution
		Debug|Any CPU = Debug|Any CPU
		Release|Any CPU = Release|Any CPU
	EndGlobalSection
	GlobalSection(ProjectConfigurationPlatforms) = postSolution
		{403AA412-D3E7-44F6-B790-0D8FBAC17B84}.Debug|Any CPU.ActiveCfg = Debug|Any CPU
		{403AA412-D3E7-44F6-B790-0D8FBAC17B84}.Debug|Any CPU.Build.0 = Debug|Any CPU
		{403AA412-D3E7-44F6-B790-0D8FBAC17B84}.Release|Any CPU.ActiveCfg = Release|Any CPU
		{403AA412-D3E7-44F6-B790-0D8FBAC17B84}.Release|Any CPU.Build.0 = Release|Any CPU
		{65E0D3F3-4C1D-44AA-83EE-20FC1480A2DE}.Debug|Any CPU.ActiveCfg = Debug|Any CPU
		{65E0D3F3-4C1D-44AA-83EE-20FC1480A2DE}.Debug|Any CPU.Build.0 = Debug|Any CPU
		{65E0D3F3-4C1D-44AA-83EE-20FC1480A2DE}.Release|Any CPU.ActiveCfg = Release|Any CPU
		{65E0D3F3-4C1D-44AA-83EE-20FC1480A2DE}.Release|Any CPU.Build.0 = Release|Any CPU
		{64DF8A77-DE67-40B5-8096-1F98CCFD9B38}.Debug|Any CPU.ActiveCfg = Debug|Any CPU
		{64DF8A77-DE67-40B5-8096-1F98CCFD9B38}.Debug|Any CPU.Build.0 = Debug|Any CPU
		{64DF8A77-DE67-40B5-8096-1F98CCFD9B38}.Release|Any CPU.ActiveCfg = Release|Any CPU
		{64DF8A77-DE67-40B5-8096-1F98CCFD9B38}.Release|Any CPU.Build.0 = Release|Any CPU
		{43313FC3-8F0E-4472-8E68-9106B1A68203}.Debug|Any CPU.ActiveCfg = Debug|Any CPU
		{43313FC3-8F0E-4472-8E68-9106B1A68203}.Debug|Any CPU.Build.0 = Debug|Any CPU
		{43313FC3-8F0E-4472-8E68-9106B1A68203}.Release|Any CPU.ActiveCfg = Release|Any CPU
		{43313FC3-8F0E-4472-8E68-9106B1A68203}.Release|Any CPU.Build.0 = Release|Any CPU
		{0E88C4C4-5956-4402-97F5-6CF5BEC6FFF0}.Debug|Any CPU.ActiveCfg = Debug|Any CPU
		{0E88C4C4-5956-4402-97F5-6CF5BEC6FFF0}.Debug|Any CPU.Build.0 = Debug|Any CPU
		{0E88C4C4-5956-4402-97F5-6CF5BEC6FFF0}.Release|Any CPU.ActiveCfg = Release|Any CPU
		{0E88C4C4-5956-4402-97F5-6CF5BEC6FFF0}.Release|Any CPU.Build.0 = Release|Any CPU
	EndGlobalSection
EndGlobal
